
Microsoft Visual Studio Solution File, Format Version 12.00
# Visual Studio 15
VisualStudioVersion = 15.0.28307.329
MinimumVisualStudioVersion = 10.0.40219.1
Project("{FAE04EC0-301F-11D3-BF4B-00C04F79EFBC}") = "TransferScript", "TransferScript\TransferScript.csproj", "{0E511444-9DDA-46E5-8374-6F0AD9883F89}"
EndProject
Global
	GlobalSection(SolutionConfigurationPlatforms) = preSolution
		Debug|Any CPU = Debug|Any CPU
		Release|Any CPU = Release|Any CPU
	EndGlobalSection
	GlobalSection(ProjectConfigurationPlatforms) = postSolution
		{0E511444-9DDA-46E5-8374-6F0AD9883F89}.Debug|Any CPU.ActiveCfg = Debug|Any CPU
		{0E511444-9DDA-46E5-8374-6F0AD9883F89}.Debug|Any CPU.Build.0 = Debug|Any CPU
		{0E511444-9DDA-46E5-8374-6F0AD9883F89}.Release|Any CPU.ActiveCfg = Release|Any CPU
		{0E511444-9DDA-46E5-8374-6F0AD9883F89}.Release|Any CPU.Build.0 = Release|Any CPU
	EndGlobalSection
	GlobalSection(SolutionProperties) = preSolution
		HideSolutionNode = FALSE
	EndGlobalSection
	GlobalSection(ExtensibilityGlobals) = postSolution
		SolutionGuid = {C9198920-45AA-4078-A5AA-06E411A0C1A8}
	EndGlobalSection
EndGlobal
